// !$*UTF8*$!
{
	archiveVersion = 1;
	classes = {
	};
	objectVersion = 55;
	objects = {

/* Begin PBXBuildFile section */
		44365AE72832DB3500E48646 /* Alamofire in Frameworks */ = {isa = PBXBuildFile; productRef = 44365AE62832DB3500E48646 /* Alamofire */; };
		44365B142832E1F800E48646 /* results.swift in Sources */ = {isa = PBXBuildFile; fileRef = 44365B132832E1F800E48646 /* results.swift */; };
		44365B162832E20800E48646 /* resultsRequest.swift in Sources */ = {isa = PBXBuildFile; fileRef = 44365B152832E20800E48646 /* resultsRequest.swift */; };
		4482AACE2830371F0036A13F /* AppDelegate.swift in Sources */ = {isa = PBXBuildFile; fileRef = 4482AACD2830371F0036A13F /* AppDelegate.swift */; };
		4482AAD02830371F0036A13F /* SceneDelegate.swift in Sources */ = {isa = PBXBuildFile; fileRef = 4482AACF2830371F0036A13F /* SceneDelegate.swift */; };
		4482AAD22830371F0036A13F /* ViewController.swift in Sources */ = {isa = PBXBuildFile; fileRef = 4482AAD12830371F0036A13F /* ViewController.swift */; };
		4482AAD7283037200036A13F /* Assets.xcassets in Resources */ = {isa = PBXBuildFile; fileRef = 4482AAD6283037200036A13F /* Assets.xcassets */; };
		4482AAE2283038030036A13F /* WebKitVC.swift in Sources */ = {isa = PBXBuildFile; fileRef = 4482AAE1283038030036A13F /* WebKitVC.swift */; };
		4482AAE4283038890036A13F /* SettingsVC.swift in Sources */ = {isa = PBXBuildFile; fileRef = 4482AAE3283038890036A13F /* SettingsVC.swift */; };
		44B24C642830EA03007B5953 /* MoviewCollectionViewCell.swift in Sources */ = {isa = PBXBuildFile; fileRef = 44B24C632830EA03007B5953 /* MoviewCollectionViewCell.swift */; };
		44B24C782830FFC6007B5953 /* Main.storyboard in Resources */ = {isa = PBXBuildFile; fileRef = 44B24C772830FFC6007B5953 /* Main.storyboard */; };
		44B24D2D2831313A007B5953 /* CoreLocation.framework in Frameworks */ = {isa = PBXBuildFile; fileRef = 44B24D2C2831313A007B5953 /* CoreLocation.framework */; };
		44B24D2F283135E7007B5953 /* MapKit.framework in Frameworks */ = {isa = PBXBuildFile; fileRef = 44B24D2E283135E7007B5953 /* MapKit.framework */; };
/* End PBXBuildFile section */

/* Begin PBXFileReference section */
		44365B132832E1F800E48646 /* results.swift */ = {isa = PBXFileReference; lastKnownFileType = sourcecode.swift; path = results.swift; sourceTree = "<group>"; };
		44365B152832E20800E48646 /* resultsRequest.swift */ = {isa = PBXFileReference; lastKnownFileType = sourcecode.swift; path = resultsRequest.swift; sourceTree = "<group>"; };
		4482AACA2830371F0036A13F /* MovieApp.app */ = {isa = PBXFileReference; explicitFileType = wrapper.application; includeInIndex = 0; path = MovieApp.app; sourceTree = BUILT_PRODUCTS_DIR; };
		4482AACD2830371F0036A13F /* AppDelegate.swift */ = {isa = PBXFileReference; lastKnownFileType = sourcecode.swift; path = AppDelegate.swift; sourceTree = "<group>"; };
		4482AACF2830371F0036A13F /* SceneDelegate.swift */ = {isa = PBXFileReference; lastKnownFileType = sourcecode.swift; path = SceneDelegate.swift; sourceTree = "<group>"; };
		4482AAD12830371F0036A13F /* ViewController.swift */ = {isa = PBXFileReference; lastKnownFileType = sourcecode.swift; path = ViewController.swift; sourceTree = "<group>"; };
		4482AAD6283037200036A13F /* Assets.xcassets */ = {isa = PBXFileReference; lastKnownFileType = folder.assetcatalog; path = Assets.xcassets; sourceTree = "<group>"; };
		4482AAE1283038030036A13F /* WebKitVC.swift */ = {isa = PBXFileReference; lastKnownFileType = sourcecode.swift; path = WebKitVC.swift; sourceTree = "<group>"; };
		4482AAE3283038890036A13F /* SettingsVC.swift */ = {isa = PBXFileReference; lastKnownFileType = sourcecode.swift; path = SettingsVC.swift; sourceTree = "<group>"; };
		44B24C632830EA03007B5953 /* MoviewCollectionViewCell.swift */ = {isa = PBXFileReference; lastKnownFileType = sourcecode.swift; path = MoviewCollectionViewCell.swift; sourceTree = "<group>"; };
		44B24C772830FFC6007B5953 /* Main.storyboard */ = {isa = PBXFileReference; fileEncoding = 4; lastKnownFileType = file.storyboard; path = Main.storyboard; sourceTree = "<group>"; };
		44B24D2928311CFD007B5953 /* Info.plist */ = {isa = PBXFileReference; fileEncoding = 4; lastKnownFileType = text.plist.xml; path = Info.plist; sourceTree = "<group>"; };
		44B24D2C2831313A007B5953 /* CoreLocation.framework */ = {isa = PBXFileReference; lastKnownFileType = wrapper.framework; name = CoreLocation.framework; path = System/Library/Frameworks/CoreLocation.framework; sourceTree = SDKROOT; };
		44B24D2E283135E7007B5953 /* MapKit.framework */ = {isa = PBXFileReference; lastKnownFileType = wrapper.framework; name = MapKit.framework; path = System/Library/Frameworks/MapKit.framework; sourceTree = SDKROOT; };
/* End PBXFileReference section */

/* Begin PBXFrameworksBuildPhase section */
		4482AAC72830371F0036A13F /* Frameworks */ = {
			isa = PBXFrameworksBuildPhase;
			buildActionMask = 2147483647;
			files = (
				44365AE72832DB3500E48646 /* Alamofire in Frameworks */,
				44B24D2F283135E7007B5953 /* MapKit.framework in Frameworks */,
				44B24D2D2831313A007B5953 /* CoreLocation.framework in Frameworks */,
			);
			runOnlyForDeploymentPostprocessing = 0;
		};
/* End PBXFrameworksBuildPhase section */

/* Begin PBXGroup section */
		441A986828339AD200D678DF /* Model */ = {
			isa = PBXGroup;
			children = (
				44365B152832E20800E48646 /* resultsRequest.swift */,
				44365B132832E1F800E48646 /* results.swift */,
			);
			path = Model;
			sourceTree = "<group>";
		};
		441A986928339ADE00D678DF /* Controller */ = {
			isa = PBXGroup;
			children = (
				4482AAD12830371F0036A13F /* ViewController.swift */,
				44B24C632830EA03007B5953 /* MoviewCollectionViewCell.swift */,
				4482AAE3283038890036A13F /* SettingsVC.swift */,
				4482AAE1283038030036A13F /* WebKitVC.swift */,
			);
			path = Controller;
			sourceTree = "<group>";
		};
		441A986A28339B1400D678DF /* View */ = {
			isa = PBXGroup;
			children = (
				44B24C772830FFC6007B5953 /* Main.storyboard */,
			);
			path = View;
			sourceTree = "<group>";
		};
		4482AAC12830371F0036A13F = {
			isa = PBXGroup;
			children = (
				4482AACC2830371F0036A13F /* 9.hafta */,
				4482AACB2830371F0036A13F /* Products */,
				44B24D2B2831313A007B5953 /* Frameworks */,
			);
			sourceTree = "<group>";
		};
		4482AACB2830371F0036A13F /* Products */ = {
			isa = PBXGroup;
			children = (
				4482AACA2830371F0036A13F /* MovieApp.app */,
			);
			name = Products;
			sourceTree = "<group>";
		};
		4482AACC2830371F0036A13F /* 9.hafta */ = {
			isa = PBXGroup;
			children = (
				441A986A28339B1400D678DF /* View */,
				441A986928339ADE00D678DF /* Controller */,
				441A986828339AD200D678DF /* Model */,
				4482AAD6283037200036A13F /* Assets.xcassets */,
				4482AACD2830371F0036A13F /* AppDelegate.swift */,
				4482AACF2830371F0036A13F /* SceneDelegate.swift */,
				44B24D2928311CFD007B5953 /* Info.plist */,
			);
			path = 9.hafta;
			sourceTree = "<group>";
		};
		44B24D2B2831313A007B5953 /* Frameworks */ = {
			isa = PBXGroup;
			children = (
				44B24D2E283135E7007B5953 /* MapKit.framework */,
				44B24D2C2831313A007B5953 /* CoreLocation.framework */,
			);
			name = Frameworks;
			sourceTree = "<group>";
		};
/* End PBXGroup section */

/* Begin PBXNativeTarget section */
		4482AAC92830371F0036A13F /* MovieApp */ = {
			isa = PBXNativeTarget;
			buildConfigurationList = 4482AADE283037200036A13F /* Build configuration list for PBXNativeTarget "MovieApp" */;
			buildPhases = (
				4482AAC62830371F0036A13F /* Sources */,
				4482AAC72830371F0036A13F /* Frameworks */,
				4482AAC82830371F0036A13F /* Resources */,
			);
			buildRules = (
			);
			dependencies = (
			);
			name = MovieApp;
			packageProductDependencies = (
				44365AE62832DB3500E48646 /* Alamofire */,
			);
			productName = 9.hafta;
			productReference = 4482AACA2830371F0036A13F /* MovieApp.app */;
			productType = "com.apple.product-type.application";
		};
/* End PBXNativeTarget section */

/* Begin PBXProject section */
		4482AAC22830371F0036A13F /* Project object */ = {
			isa = PBXProject;
			attributes = {
				BuildIndependentTargetsInParallel = 1;
				LastSwiftUpdateCheck = 1320;
				LastUpgradeCheck = 1320;
				TargetAttributes = {
					4482AAC92830371F0036A13F = {
						CreatedOnToolsVersion = 13.2.1;
					};
				};
			};
			buildConfigurationList = 4482AAC52830371F0036A13F /* Build configuration list for PBXProject "MovieApp" */;
			compatibilityVersion = "Xcode 13.0";
			developmentRegion = en;
			hasScannedForEncodings = 0;
			knownRegions = (
				en,
				Base,
			);
			mainGroup = 4482AAC12830371F0036A13F;
			packageReferences = (
				44365AE52832DB3500E48646 /* XCRemoteSwiftPackageReference "Alamofire" */,
			);
			productRefGroup = 4482AACB2830371F0036A13F /* Products */;
			projectDirPath = "";
			projectRoot = "";
			targets = (
				4482AAC92830371F0036A13F /* MovieApp */,
			);
		};
/* End PBXProject section */

/* Begin PBXResourcesBuildPhase section */
		4482AAC82830371F0036A13F /* Resources */ = {
			isa = PBXResourcesBuildPhase;
			buildActionMask = 2147483647;
			files = (
				44B24C782830FFC6007B5953 /* Main.storyboard in Resources */,
				4482AAD7283037200036A13F /* Assets.xcassets in Resources */,
			);
			runOnlyForDeploymentPostprocessing = 0;
		};
/* End PBXResourcesBuildPhase section */

/* Begin PBXSourcesBuildPhase section */
		4482AAC62830371F0036A13F /* Sources */ = {
			isa = PBXSourcesBuildPhase;
			buildActionMask = 2147483647;
			files = (
				4482AAE2283038030036A13F /* WebKitVC.swift in Sources */,
				44B24C642830EA03007B5953 /* MoviewCollectionViewCell.swift in Sources */,
				4482AAD22830371F0036A13F /* ViewController.swift in Sources */,
				44365B162832E20800E48646 /* resultsRequest.swift in Sources */,
				4482AACE2830371F0036A13F /* AppDelegate.swift in Sources */,
				4482AAD02830371F0036A13F /* SceneDelegate.swift in Sources */,
				4482AAE4283038890036A13F /* SettingsVC.swift in Sources */,
				44365B142832E1F800E48646 /* results.swift in Sources */,
			);
			runOnlyForDeploymentPostprocessing = 0;
		};
/* End PBXSourcesBuildPhase section */

/* Begin XCBuildConfiguration section */
		4482AADC283037200036A13F /* Debug */ = {
			isa = XCBuildConfiguration;
			buildSettings = {
				ALWAYS_SEARCH_USER_PATHS = NO;
				CLANG_ANALYZER_LOCALIZABILITY_NONLOCALIZED = YES;
				CLANG_ANALYZER_NONNULL = YES;
				CLANG_ANALYZER_NUMBER_OBJECT_CONVERSION = YES_AGGRESSIVE;
				CLANG_CXX_LANGUAGE_STANDARD = "gnu++17";
				CLANG_CXX_LIBRARY = "libc++";
				CLANG_ENABLE_MODULES = YES;
				CLANG_ENABLE_OBJC_ARC = YES;
				CLANG_ENABLE_OBJC_WEAK = YES;
				CLANG_WARN_BLOCK_CAPTURE_AUTORELEASING = YES;
				CLANG_WARN_BOOL_CONVERSION = YES;
				CLANG_WARN_COMMA = YES;
				CLANG_WARN_CONSTANT_CONVERSION = YES;
				CLANG_WARN_DEPRECATED_OBJC_IMPLEMENTATIONS = YES;
				CLANG_WARN_DIRECT_OBJC_ISA_USAGE = YES_ERROR;
				CLANG_WARN_DOCUMENTATION_COMMENTS = YES;
				CLANG_WARN_EMPTY_BODY = YES;
				CLANG_WARN_ENUM_CONVERSION = YES;
				CLANG_WARN_INFINITE_RECURSION = YES;
				CLANG_WARN_INT_CONVERSION = YES;
				CLANG_WARN_NON_LITERAL_NULL_CONVERSION = YES;
				CLANG_WARN_OBJC_IMPLICIT_RETAIN_SELF = YES;
				CLANG_WARN_OBJC_LITERAL_CONVERSION = YES;
				CLANG_WARN_OBJC_ROOT_CLASS = YES_ERROR;
				CLANG_WARN_QUOTED_INCLUDE_IN_FRAMEWORK_HEADER = YES;
				CLANG_WARN_RANGE_LOOP_ANALYSIS = YES;
				CLANG_WARN_STRICT_PROTOTYPES = YES;
				CLANG_WARN_SUSPICIOUS_MOVE = YES;
				CLANG_WARN_UNGUARDED_AVAILABILITY = YES_AGGRESSIVE;
				CLANG_WARN_UNREACHABLE_CODE = YES;
				CLANG_WARN__DUPLICATE_METHOD_MATCH = YES;
				COPY_PHASE_STRIP = NO;
				DEBUG_INFORMATION_FORMAT = dwarf;
				ENABLE_STRICT_OBJC_MSGSEND = YES;
				ENABLE_TESTABILITY = YES;
				GCC_C_LANGUAGE_STANDARD = gnu11;
				GCC_DYNAMIC_NO_PIC = NO;
				GCC_NO_COMMON_BLOCKS = YES;
				GCC_OPTIMIZATION_LEVEL = 0;
				GCC_PREPROCESSOR_DEFINITIONS = (
					"DEBUG=1",
					"$(inherited)",
				);
				GCC_WARN_64_TO_32_BIT_CONVERSION = YES;
				GCC_WARN_ABOUT_RETURN_TYPE = YES_ERROR;
				GCC_WARN_UNDECLARED_SELECTOR = YES;
				GCC_WARN_UNINITIALIZED_AUTOS = YES_AGGRESSIVE;
				GCC_WARN_UNUSED_FUNCTION = YES;
				GCC_WARN_UNUSED_VARIABLE = YES;
				IPHONEOS_DEPLOYMENT_TARGET = 15.2;
				MTL_ENABLE_DEBUG_INFO = INCLUDE_SOURCE;
				MTL_FAST_MATH = YES;
				ONLY_ACTIVE_ARCH = YES;
				SDKROOT = iphoneos;
				SWIFT_ACTIVE_COMPILATION_CONDITIONS = DEBUG;
				SWIFT_OPTIMIZATION_LEVEL = "-Onone";
			};
			name = Debug;
		};
		4482AADD283037200036A13F /* Release */ = {
			isa = XCBuildConfiguration;
			buildSettings = {
				ALWAYS_SEARCH_USER_PATHS = NO;
				CLANG_ANALYZER_LOCALIZABILITY_NONLOCALIZED = YES;
				CLANG_ANALYZER_NONNULL = YES;
				CLANG_ANALYZER_NUMBER_OBJECT_CONVERSION = YES_AGGRESSIVE;
				CLANG_CXX_LANGUAGE_STANDARD = "gnu++17";
				CLANG_CXX_LIBRARY = "libc++";
				CLANG_ENABLE_MODULES = YES;
				CLANG_ENABLE_OBJC_ARC = YES;
				CLANG_ENABLE_OBJC_WEAK = YES;
				CLANG_WARN_BLOCK_CAPTURE_AUTORELEASING = YES;
				CLANG_WARN_BOOL_CONVERSION = YES;
				CLANG_WARN_COMMA = YES;
				CLANG_WARN_CONSTANT_CONVERSION = YES;
				CLANG_WARN_DEPRECATED_OBJC_IMPLEMENTATIONS = YES;
				CLANG_WARN_DIRECT_OBJC_ISA_USAGE = YES_ERROR;
				CLANG_WARN_DOCUMENTATION_COMMENTS = YES;
				CLANG_WARN_EMPTY_BODY = YES;
				CLANG_WARN_ENUM_CONVERSION = YES;
				CLANG_WARN_INFINITE_RECURSION = YES;
				CLANG_WARN_INT_CONVERSION = YES;
				CLANG_WARN_NON_LITERAL_NULL_CONVERSION = YES;
				CLANG_WARN_OBJC_IMPLICIT_RETAIN_SELF = YES;
				CLANG_WARN_OBJC_LITERAL_CONVERSION = YES;
				CLANG_WARN_OBJC_ROOT_CLASS = YES_ERROR;
				CLANG_WARN_QUOTED_INCLUDE_IN_FRAMEWORK_HEADER = YES;
				CLANG_WARN_RANGE_LOOP_ANALYSIS = YES;
				CLANG_WARN_STRICT_PROTOTYPES = YES;
				CLANG_WARN_SUSPICIOUS_MOVE = YES;
				CLANG_WARN_UNGUARDED_AVAILABILITY = YES_AGGRESSIVE;
				CLANG_WARN_UNREACHABLE_CODE = YES;
				CLANG_WARN__DUPLICATE_METHOD_MATCH = YES;
				COPY_PHASE_STRIP = NO;
				DEBUG_INFORMATION_FORMAT = "dwarf-with-dsym";
				ENABLE_NS_ASSERTIONS = NO;
				ENABLE_STRICT_OBJC_MSGSEND = YES;
				GCC_C_LANGUAGE_STANDARD = gnu11;
				GCC_NO_COMMON_BLOCKS = YES;
				GCC_WARN_64_TO_32_BIT_CONVERSION = YES;
				GCC_WARN_ABOUT_RETURN_TYPE = YES_ERROR;
				GCC_WARN_UNDECLARED_SELECTOR = YES;
				GCC_WARN_UNINITIALIZED_AUTOS = YES_AGGRESSIVE;
				GCC_WARN_UNUSED_FUNCTION = YES;
				GCC_WARN_UNUSED_VARIABLE = YES;
				IPHONEOS_DEPLOYMENT_TARGET = 15.2;
				MTL_ENABLE_DEBUG_INFO = NO;
				MTL_FAST_MATH = YES;
				SDKROOT = iphoneos;
				SWIFT_COMPILATION_MODE = wholemodule;
				SWIFT_OPTIMIZATION_LEVEL = "-O";
				VALIDATE_PRODUCT = YES;
			};
			name = Release;
		};
		4482AADF283037200036A13F /* Debug */ = {
			isa = XCBuildConfiguration;
			buildSettings = {
				ASSETCATALOG_COMPILER_APPICON_NAME = AppIcon;
				ASSETCATALOG_COMPILER_GLOBAL_ACCENT_COLOR_NAME = AccentColor;
				CODE_SIGN_STYLE = Automatic;
				CURRENT_PROJECT_VERSION = 1;
				DEVELOPMENT_TEAM = W7548MFZWQ;
				GENERATE_INFOPLIST_FILE = YES;
				INFOPLIST_FILE = 9.hafta/Info.plist;
				INFOPLIST_KEY_UIApplicationSupportsIndirectInputEvents = YES;
				INFOPLIST_KEY_UILaunchStoryboardName = LaunchScreen;
				INFOPLIST_KEY_UIMainStoryboardFile = Main;
				INFOPLIST_KEY_UISupportedInterfaceOrientations_iPad = "UIInterfaceOrientationPortrait UIInterfaceOrientationPortraitUpsideDown UIInterfaceOrientationLandscapeLeft UIInterfaceOrientationLandscapeRight";
				INFOPLIST_KEY_UISupportedInterfaceOrientations_iPhone = "UIInterfaceOrientationPortrait UIInterfaceOrientationLandscapeLeft UIInterfaceOrientationLandscapeRight";
				LD_RUNPATH_SEARCH_PATHS = (
					"$(inherited)",
					"@executable_path/Frameworks",
				);
				MARKETING_VERSION = 1.0;
				PRODUCT_BUNDLE_IDENTIFIER = "com.ismailackyurek.--hafta";
				PRODUCT_NAME = "$(TARGET_NAME)";
				SWIFT_EMIT_LOC_STRINGS = YES;
				SWIFT_VERSION = 5.0;
				TARGETED_DEVICE_FAMILY = "1,2";
			};
			name = Debug;
		};
		4482AAE0283037200036A13F /* Release */ = {
			isa = XCBuildConfiguration;
			buildSettings = {
				ASSETCATALOG_COMPILER_APPICON_NAME = AppIcon;
				ASSETCATALOG_COMPILER_GLOBAL_ACCENT_COLOR_NAME = AccentColor;
				CODE_SIGN_STYLE = Automatic;
				CURRENT_PROJECT_VERSION = 1;
				DEVELOPMENT_TEAM = W7548MFZWQ;
				GENERATE_INFOPLIST_FILE = YES;
				INFOPLIST_FILE = 9.hafta/Info.plist;
				INFOPLIST_KEY_UIApplicationSupportsIndirectInputEvents = YES;
				INFOPLIST_KEY_UILaunchStoryboardName = LaunchScreen;
				INFOPLIST_KEY_UIMainStoryboardFile = Main;
				INFOPLIST_KEY_UISupportedInterfaceOrientations_iPad = "UIInterfaceOrientationPortrait UIInterfaceOrientationPortraitUpsideDown UIInterfaceOrientationLandscapeLeft UIInterfaceOrientationLandscapeRight";
				INFOPLIST_KEY_UISupportedInterfaceOrientations_iPhone = "UIInterfaceOrientationPortrait UIInterfaceOrientationLandscapeLeft UIInterfaceOrientationLandscapeRight";
				LD_RUNPATH_SEARCH_PATHS = (
					"$(inherited)",
					"@executable_path/Frameworks",
				);
				MARKETING_VERSION = 1.0;
				PRODUCT_BUNDLE_IDENTIFIER = "com.ismailackyurek.--hafta";
				PRODUCT_NAME = "$(TARGET_NAME)";
				SWIFT_EMIT_LOC_STRINGS = YES;
				SWIFT_VERSION = 5.0;
				TARGETED_DEVICE_FAMILY = "1,2";
			};
			name = Release;
		};
/* End XCBuildConfiguration section */

/* Begin XCConfigurationList section */
		4482AAC52830371F0036A13F /* Build configuration list for PBXProject "MovieApp" */ = {
			isa = XCConfigurationList;
			buildConfigurations = (
				4482AADC283037200036A13F /* Debug */,
				4482AADD283037200036A13F /* Release */,
			);
			defaultConfigurationIsVisible = 0;
			defaultConfigurationName = Release;
		};
		4482AADE283037200036A13F /* Build configuration list for PBXNativeTarget "MovieApp" */ = {
			isa = XCConfigurationList;
			buildConfigurations = (
				4482AADF283037200036A13F /* Debug */,
				4482AAE0283037200036A13F /* Release */,
			);
			defaultConfigurationIsVisible = 0;
			defaultConfigurationName = Release;
		};
/* End XCConfigurationList section */

/* Begin XCRemoteSwiftPackageReference section */
		44365AE52832DB3500E48646 /* XCRemoteSwiftPackageReference "Alamofire" */ = {
			isa = XCRemoteSwiftPackageReference;
			repositoryURL = "https://github.com/Alamofire/Alamofire.git";
			requirement = {
				branch = master;
				kind = branch;
			};
		};
/* End XCRemoteSwiftPackageReference section */

/* Begin XCSwiftPackageProductDependency section */
		44365AE62832DB3500E48646 /* Alamofire */ = {
			isa = XCSwiftPackageProductDependency;
			package = 44365AE52832DB3500E48646 /* XCRemoteSwiftPackageReference "Alamofire" */;
			productName = Alamofire;
		};
/* End XCSwiftPackageProductDependency section */
	};
	rootObject = 4482AAC22830371F0036A13F /* Project object */;
}
